
Microsoft Visual Studio Solution File, Format Version 12.00
# Visual Studio Version 17
VisualStudioVersion = 17.14.36414.22 d17.14
MinimumVisualStudioVersion = 10.0.40219.1
Project("{FAE04EC0-301F-11D3-BF4B-00C04F79EFBC}") = "TraficLight", "TraficLight\TraficLight.csproj", "{43887FE4-1016-42FB-9440-43A82C600A59}"
EndProject
Global
	GlobalSection(SolutionConfigurationPlatforms) = preSolution
		Debug|Any CPU = Debug|Any CPU
		Release|Any CPU = Release|Any CPU
	EndGlobalSection
	GlobalSection(ProjectConfigurationPlatforms) = postSolution
		{43887FE4-1016-42FB-9440-43A82C600A59}.Debug|Any CPU.ActiveCfg = Debug|Any CPU
		{43887FE4-1016-42FB-9440-43A82C600A59}.Debug|Any CPU.Build.0 = Debug|Any CPU
		{43887FE4-1016-42FB-9440-43A82C600A59}.Debug|Any CPU.Deploy.0 = Debug|Any CPU
		{43887FE4-1016-42FB-9440-43A82C600A59}.Release|Any CPU.ActiveCfg = Release|Any CPU
		{43887FE4-1016-42FB-9440-43A82C600A59}.Release|Any CPU.Build.0 = Release|Any CPU
		{43887FE4-1016-42FB-9440-43A82C600A59}.Release|Any CPU.Deploy.0 = Release|Any CPU
	EndGlobalSection
	GlobalSection(SolutionProperties) = preSolution
		HideSolutionNode = FALSE
	EndGlobalSection
	GlobalSection(ExtensibilityGlobals) = postSolution
		SolutionGuid = {526A10B0-4BC5-4AAC-9719-6322CF1CB19E}
	EndGlobalSection
EndGlobal
